
Microsoft Visual Studio Solution File, Format Version 12.00
# Visual Studio Version 16
VisualStudioVersion = 16.0.31729.503
MinimumVisualStudioVersion = 10.0.40219.1
Project("{FAE04EC0-301F-11D3-BF4B-00C04F79EFBC}") = "AAO_App", "AAO_App.csproj", "{924CBBEE-3717-4409-9529-83E41ADA0C1E}"
EndProject
Global
	GlobalSection(SolutionConfigurationPlatforms) = preSolution
		Debug|Any CPU = Debug|Any CPU
		Release|Any CPU = Release|Any CPU
	EndGlobalSection
	GlobalSection(ProjectConfigurationPlatforms) = postSolution
		{924CBBEE-3717-4409-9529-83E41ADA0C1E}.Debug|Any CPU.ActiveCfg = Debug|Any CPU
		{924CBBEE-3717-4409-9529-83E41ADA0C1E}.Debug|Any CPU.Build.0 = Debug|Any CPU
		{924CBBEE-3717-4409-9529-83E41ADA0C1E}.Release|Any CPU.ActiveCfg = Release|Any CPU
		{924CBBEE-3717-4409-9529-83E41ADA0C1E}.Release|Any CPU.Build.0 = Release|Any CPU
	EndGlobalSection
	GlobalSection(SolutionProperties) = preSolution
		HideSolutionNode = FALSE
	EndGlobalSection
	GlobalSection(ExtensibilityGlobals) = postSolution
		SolutionGuid = {4382434B-22CB-4AE5-A8D0-D830CFCC6651}
	EndGlobalSection
EndGlobal
